
Microsoft Visual Studio Solution File, Format Version 12.00
# Visual Studio Version 17
VisualStudioVersion = 17.4.33213.308
MinimumVisualStudioVersion = 10.0.40219.1
Project("{FAE04EC0-301F-11D3-BF4B-00C04F79EFBC}") = "TempertureConverter", "TempertureConverter\TempertureConverter.csproj", "{83F7374C-E7D6-42CF-A79B-92C86196598D}"
EndProject
Global
	GlobalSection(SolutionConfigurationPlatforms) = preSolution
		Debug|Any CPU = Debug|Any CPU
		Release|Any CPU = Release|Any CPU
	EndGlobalSection
	GlobalSection(ProjectConfigurationPlatforms) = postSolution
		{83F7374C-E7D6-42CF-A79B-92C86196598D}.Debug|Any CPU.ActiveCfg = Debug|Any CPU
		{83F7374C-E7D6-42CF-A79B-92C86196598D}.Debug|Any CPU.Build.0 = Debug|Any CPU
		{83F7374C-E7D6-42CF-A79B-92C86196598D}.Release|Any CPU.ActiveCfg = Release|Any CPU
		{83F7374C-E7D6-42CF-A79B-92C86196598D}.Release|Any CPU.Build.0 = Release|Any CPU
	EndGlobalSection
	GlobalSection(SolutionProperties) = preSolution
		HideSolutionNode = FALSE
	EndGlobalSection
	GlobalSection(ExtensibilityGlobals) = postSolution
		SolutionGuid = {30AA99CC-1EE7-4174-B9BB-996E1227CAFF}
	EndGlobalSection
EndGlobal
